{
  "version": 1,
  "dependencies": {
    "net10.0": {
      "CrossEscPos.Rendering.Skia": {
        "type": "Direct",
        "requested": "[1.2.0, )",
        "resolved": "1.2.0",
        "contentHash": "6wGgKZLPJfCPyZbgi8j0IYz4rmzG21iQ4cCXAbgC1Dl4atzIMBilYC4fDP7x5dd4WsMB+agcQDvRXvf3GvAQ5Q==",
        "dependencies": {
          "CrossEscPos.Abstractions": "1.2.0",
          "SkiaSharp": "3.119.4",
          "SkiaSharp.NativeAssets.Linux": "3.119.4"
        }
      },
      "CrossEscPos.Abstractions": {
        "type": "Transitive",
        "resolved": "1.2.0",
        "contentHash": "HpBm0bHSEkIgRZsX5ki1NVoxfm/WHTbuZ7tPmeDCxTqJ0XKaSAlE/hhVIPpXUbOu2fFvsiGalYCzcj7pYQJYkQ=="
      },
      "SkiaSharp": {
        "type": "Transitive",
        "resolved": "3.119.4",
        "contentHash": "53NOSUZ1Us+91Sm0uCkIivh/k7jOowRErZT2sIWwPFN9mLUvdxnE6rS4sWo4255+Rd2MWUSF+j0NMZHD6Cke+Q==",
        "dependencies": {
          "SkiaSharp.NativeAssets.Win32": "3.119.4",
          "SkiaSharp.NativeAssets.macOS": "3.119.4"
        }
      },
      "SkiaSharp.NativeAssets.Linux": {
        "type": "Transitive",
        "resolved": "3.119.4",
        "contentHash": "UAyVzbqNfZsZbKbzj68zXLyUyF/SbTKmzTfOO6qDu++dtIUMMTzPBe8oOuzU/DiewpfKoUUlOSsJmqWc6blxBw=="
      },
      "SkiaSharp.NativeAssets.macOS": {
        "type": "Transitive",
        "resolved": "3.119.4",
        "contentHash": "fgBOWEqbY012x7gMfJU4ezgz6dfhJb30Z6YdW35h85Zoe39+a8YNbAAwL29ihPfWoppg5AjvyKNzD1oCvlqWwA=="
      },
      "SkiaSharp.NativeAssets.Win32": {
        "type": "Transitive",
        "resolved": "3.119.4",
        "contentHash": "XOpbx/4CReO2wYsq2s6rbvdauc6dntG4Zv499sHGTJ87bwZaFXszFkwql3+FIZMc8kUPeaj3Mx2ezIJmo8a1Kg=="
      }
    }
  }
}